# generated by rye
# use `rye lock` or `rye sync` to update this lockfile
#
# last locked with the following flags:
#   pre: false
#   features: []
#   all-features: false
#   with-sources: false

-e file:.
aiohttp==3.9.5
    # via python-kasa
aiosignal==1.3.1
    # via aiohttp
annotated-types==0.7.0
    # via pydantic
anyio==4.3.0
    # via asyncclick
    # via python-kasa
async-timeout==4.0.3
    # via python-kasa
asyncclick==8.1.7.2
    # via python-kasa
attrs==23.2.0
    # via aiohttp
certifi==2024.6.2
    # via requests
cffi==1.16.0
    # via cryptography
charset-normalizer==3.3.2
    # via requests
click==8.1.7
    # via kasabuttons
cryptography==42.0.7
    # via python-kasa
frozenlist==1.4.1
    # via aiohttp
    # via aiosignal
idna==3.7
    # via anyio
    # via requests
    # via yarl
loguru==0.7.2
    # via kasabuttons
    # via loguru-config
loguru-config==0.1.0
    # via kasabuttons
loki-logger-handler==0.1.4
    # via kasabuttons
multidict==6.0.5
    # via aiohttp
    # via yarl
pycparser==2.22
    # via cffi
pydantic==2.7.1
    # via pydantic-settings
    # via python-kasa
pydantic-core==2.18.2
    # via pydantic
pydantic-settings==2.2.1
    # via kasabuttons
pynput==1.7.7
    # via kasabuttons
pyobjc-core==10.2
    # via pyobjc-framework-applicationservices
    # via pyobjc-framework-cocoa
    # via pyobjc-framework-coretext
    # via pyobjc-framework-quartz
pyobjc-framework-applicationservices==10.2
    # via pynput
pyobjc-framework-cocoa==10.2
    # via pyobjc-framework-applicationservices
    # via pyobjc-framework-coretext
    # via pyobjc-framework-quartz
pyobjc-framework-coretext==10.2
    # via pyobjc-framework-applicationservices
pyobjc-framework-quartz==10.2
    # via pynput
    # via pyobjc-framework-applicationservices
    # via pyobjc-framework-coretext
python-dotenv==1.0.1
    # via kasabuttons
    # via pydantic-settings
python-kasa==0.7.0.dev1
    # via kasabuttons
pyyaml==6.0.1
    # via kasabuttons
requests==2.32.3
    # via kasabuttons
six==1.16.0
    # via pynput
sniffio==1.3.1
    # via anyio
typing-extensions==4.12.0
    # via pydantic
    # via pydantic-core
urllib3==2.2.1
    # via requests
yarl==1.9.4
    # via aiohttp
